
Microsoft Visual Studio Solution File, Format Version 12.00
# Visual Studio Version 16
VisualStudioVersion = 16.0.31702.278
MinimumVisualStudioVersion = 10.0.40219.1
Project("{FAE04EC0-301F-11D3-BF4B-00C04F79EFBC}") = "ConsoleApp1", "ConsoleApp1\ConsoleApp1.csproj", "{CD978F63-E0A1-41C8-B520-8853346EB721}"
EndProject
Project("{FAE04EC0-301F-11D3-BF4B-00C04F79EFBC}") = "Csempemennyiseg2", "Csempemennyiseg2\Csempemennyiseg2.csproj", "{077E2BB3-4EEA-44D3-9708-9E03908A167B}"
EndProject
Project("{FAE04EC0-301F-11D3-BF4B-00C04F79EFBC}") = "cimletezes", "cimletezes\cimletezes.csproj", "{2D6D70FB-85AD-42CA-B34F-41BC1A89D538}"
EndProject
Project("{FAE04EC0-301F-11D3-BF4B-00C04F79EFBC}") = "Oszegszamolas", "Karakterbekeres\Oszegszamolas.csproj", "{4C9162BB-7B58-47FF-8F5E-53C5FA7B5721}"
EndProject
Project("{FAE04EC0-301F-11D3-BF4B-00C04F79EFBC}") = "HelloTeszt", "HelloTeszt\HelloTeszt.csproj", "{14ACBC0D-A50D-428A-9C57-CD13C0217C72}"
EndProject
Project("{FAE04EC0-301F-11D3-BF4B-00C04F79EFBC}") = "Hello", "Hello\Hello.csproj", "{11F48A8F-5009-4EB7-9282-F55BBED08C38}"
EndProject
Project("{FAE04EC0-301F-11D3-BF4B-00C04F79EFBC}") = "NegySzog", "NegySzog\NegySzog.csproj", "{71307813-B50C-4E69-8A02-1EA83B6567C8}"
EndProject
Project("{FAE04EC0-301F-11D3-BF4B-00C04F79EFBC}") = "NegySzogTeszt", "NegySzogTeszt\NegySzogTeszt.csproj", "{9C557E06-A94A-490C-A376-44FC38FC6FEC}"
EndProject
Project("{FAE04EC0-301F-11D3-BF4B-00C04F79EFBC}") = "OszhatosagiGep", "OszhatosagiGep\OszhatosagiGep.csproj", "{A708A94B-338A-4B7D-BC98-FA0337137E07}"
EndProject
Project("{FAE04EC0-301F-11D3-BF4B-00C04F79EFBC}") = "OszthatosagiGepTeszt", "OszthatosagiGepTeszt\OszthatosagiGepTeszt.csproj", "{A7B8037B-E211-4D7B-80B9-63CA46451505}"
EndProject
Global
	GlobalSection(SolutionConfigurationPlatforms) = preSolution
		Debug|Any CPU = Debug|Any CPU
		Release|Any CPU = Release|Any CPU
	EndGlobalSection
	GlobalSection(ProjectConfigurationPlatforms) = postSolution
		{CD978F63-E0A1-41C8-B520-8853346EB721}.Debug|Any CPU.ActiveCfg = Debug|Any CPU
		{CD978F63-E0A1-41C8-B520-8853346EB721}.Debug|Any CPU.Build.0 = Debug|Any CPU
		{CD978F63-E0A1-41C8-B520-8853346EB721}.Release|Any CPU.ActiveCfg = Release|Any CPU
		{CD978F63-E0A1-41C8-B520-8853346EB721}.Release|Any CPU.Build.0 = Release|Any CPU
		{077E2BB3-4EEA-44D3-9708-9E03908A167B}.Debug|Any CPU.ActiveCfg = Debug|Any CPU
		{077E2BB3-4EEA-44D3-9708-9E03908A167B}.Debug|Any CPU.Build.0 = Debug|Any CPU
		{077E2BB3-4EEA-44D3-9708-9E03908A167B}.Release|Any CPU.ActiveCfg = Release|Any CPU
		{077E2BB3-4EEA-44D3-9708-9E03908A167B}.Release|Any CPU.Build.0 = Release|Any CPU
		{2D6D70FB-85AD-42CA-B34F-41BC1A89D538}.Debug|Any CPU.ActiveCfg = Debug|Any CPU
		{2D6D70FB-85AD-42CA-B34F-41BC1A89D538}.Debug|Any CPU.Build.0 = Debug|Any CPU
		{2D6D70FB-85AD-42CA-B34F-41BC1A89D538}.Release|Any CPU.ActiveCfg = Release|Any CPU
		{2D6D70FB-85AD-42CA-B34F-41BC1A89D538}.Release|Any CPU.Build.0 = Release|Any CPU
		{4C9162BB-7B58-47FF-8F5E-53C5FA7B5721}.Debug|Any CPU.ActiveCfg = Debug|Any CPU
		{4C9162BB-7B58-47FF-8F5E-53C5FA7B5721}.Debug|Any CPU.Build.0 = Debug|Any CPU
		{4C9162BB-7B58-47FF-8F5E-53C5FA7B5721}.Release|Any CPU.ActiveCfg = Release|Any CPU
		{4C9162BB-7B58-47FF-8F5E-53C5FA7B5721}.Release|Any CPU.Build.0 = Release|Any CPU
		{14ACBC0D-A50D-428A-9C57-CD13C0217C72}.Debug|Any CPU.ActiveCfg = Debug|Any CPU
		{14ACBC0D-A50D-428A-9C57-CD13C0217C72}.Debug|Any CPU.Build.0 = Debug|Any CPU
		{14ACBC0D-A50D-428A-9C57-CD13C0217C72}.Release|Any CPU.ActiveCfg = Release|Any CPU
		{14ACBC0D-A50D-428A-9C57-CD13C0217C72}.Release|Any CPU.Build.0 = Release|Any CPU
		{11F48A8F-5009-4EB7-9282-F55BBED08C38}.Debug|Any CPU.ActiveCfg = Debug|Any CPU
		{11F48A8F-5009-4EB7-9282-F55BBED08C38}.Debug|Any CPU.Build.0 = Debug|Any CPU
		{11F48A8F-5009-4EB7-9282-F55BBED08C38}.Release|Any CPU.ActiveCfg = Release|Any CPU
		{11F48A8F-5009-4EB7-9282-F55BBED08C38}.Release|Any CPU.Build.0 = Release|Any CPU
		{71307813-B50C-4E69-8A02-1EA83B6567C8}.Debug|Any CPU.ActiveCfg = Debug|Any CPU
		{71307813-B50C-4E69-8A02-1EA83B6567C8}.Debug|Any CPU.Build.0 = Debug|Any CPU
		{71307813-B50C-4E69-8A02-1EA83B6567C8}.Release|Any CPU.ActiveCfg = Release|Any CPU
		{71307813-B50C-4E69-8A02-1EA83B6567C8}.Release|Any CPU.Build.0 = Release|Any CPU
		{9C557E06-A94A-490C-A376-44FC38FC6FEC}.Debug|Any CPU.ActiveCfg = Debug|Any CPU
		{9C557E06-A94A-490C-A376-44FC38FC6FEC}.Debug|Any CPU.Build.0 = Debug|Any CPU
		{9C557E06-A94A-490C-A376-44FC38FC6FEC}.Release|Any CPU.ActiveCfg = Release|Any CPU
		{9C557E06-A94A-490C-A376-44FC38FC6FEC}.Release|Any CPU.Build.0 = Release|Any CPU
		{A708A94B-338A-4B7D-BC98-FA0337137E07}.Debug|Any CPU.ActiveCfg = Debug|Any CPU
		{A708A94B-338A-4B7D-BC98-FA0337137E07}.Debug|Any CPU.Build.0 = Debug|Any CPU
		{A708A94B-338A-4B7D-BC98-FA0337137E07}.Release|Any CPU.ActiveCfg = Release|Any CPU
		{A708A94B-338A-4B7D-BC98-FA0337137E07}.Release|Any CPU.Build.0 = Release|Any CPU
		{A7B8037B-E211-4D7B-80B9-63CA46451505}.Debug|Any CPU.ActiveCfg = Debug|Any CPU
		{A7B8037B-E211-4D7B-80B9-63CA46451505}.Debug|Any CPU.Build.0 = Debug|Any CPU
		{A7B8037B-E211-4D7B-80B9-63CA46451505}.Release|Any CPU.ActiveCfg = Release|Any CPU
		{A7B8037B-E211-4D7B-80B9-63CA46451505}.Release|Any CPU.Build.0 = Release|Any CPU
	EndGlobalSection
	GlobalSection(SolutionProperties) = preSolution
		HideSolutionNode = FALSE
	EndGlobalSection
	GlobalSection(ExtensibilityGlobals) = postSolution
		SolutionGuid = {BBC5865A-707F-4F48-B342-53737BB8F6A7}
	EndGlobalSection
EndGlobal
